
Microsoft Visual Studio Solution File, Format Version 12.00
# Visual Studio 15
VisualStudioVersion = 15.0.27130.2027
MinimumVisualStudioVersion = 10.0.40219.1
Project("{FAE04EC0-301F-11D3-BF4B-00C04F79EFBC}") = "Launcher", "Launcher.csproj", "{A38705D1-B827-4D24-996F-83807A7FAA91}"
EndProject
Global
	GlobalSection(SolutionConfigurationPlatforms) = preSolution
		Debug|Any CPU = Debug|Any CPU
		Release|Any CPU = Release|Any CPU
	EndGlobalSection
	GlobalSection(ProjectConfigurationPlatforms) = postSolution
		{A38705D1-B827-4D24-996F-83807A7FAA91}.Debug|Any CPU.ActiveCfg = Debug|Any CPU
		{A38705D1-B827-4D24-996F-83807A7FAA91}.Debug|Any CPU.Build.0 = Debug|Any CPU
		{A38705D1-B827-4D24-996F-83807A7FAA91}.Release|Any CPU.ActiveCfg = Release|Any CPU
		{A38705D1-B827-4D24-996F-83807A7FAA91}.Release|Any CPU.Build.0 = Release|Any CPU
	EndGlobalSection
	GlobalSection(SolutionProperties) = preSolution
		HideSolutionNode = FALSE
	EndGlobalSection
	GlobalSection(ExtensibilityGlobals) = postSolution
		SolutionGuid = {C13C9855-CC48-44AB-876F-F3DD3253F142}
	EndGlobalSection
EndGlobal
